
Microsoft Visual Studio Solution File, Format Version 12.00
# Visual Studio Version 16
VisualStudioVersion = 16.0.30717.126
MinimumVisualStudioVersion = 10.0.40219.1
Project("{FAE04EC0-301F-11D3-BF4B-00C04F79EFBC}") = "InfiniKillPlugin", "InfiniKillPlugin\InfiniKillPlugin.csproj", "{329C4CE1-CDA9-4EED-8E98-4B72D9DDDCDD}"
EndProject
Global
	GlobalSection(SolutionConfigurationPlatforms) = preSolution
		Debug|Any CPU = Debug|Any CPU
		Release|Any CPU = Release|Any CPU
	EndGlobalSection
	GlobalSection(ProjectConfigurationPlatforms) = postSolution
		{329C4CE1-CDA9-4EED-8E98-4B72D9DDDCDD}.Debug|Any CPU.ActiveCfg = Debug|Any CPU
		{329C4CE1-CDA9-4EED-8E98-4B72D9DDDCDD}.Debug|Any CPU.Build.0 = Debug|Any CPU
		{329C4CE1-CDA9-4EED-8E98-4B72D9DDDCDD}.Release|Any CPU.ActiveCfg = Release|Any CPU
		{329C4CE1-CDA9-4EED-8E98-4B72D9DDDCDD}.Release|Any CPU.Build.0 = Release|Any CPU
	EndGlobalSection
	GlobalSection(SolutionProperties) = preSolution
		HideSolutionNode = FALSE
	EndGlobalSection
	GlobalSection(ExtensibilityGlobals) = postSolution
		SolutionGuid = {4B3F42EF-2408-4EB5-B671-3001E9C5054C}
	EndGlobalSection
EndGlobal
